// !$*UTF8*$!
{
	archiveVersion = 1;
	classes = {
	};
	objectVersion = 46;
	objects = {

/* Begin PBXBuildFile section */
		9A68F9691B5842E9001E6894 /* AppDelegate.swift in Sources */ = {isa = PBXBuildFile; fileRef = 9A68F9681B5842E9001E6894 /* AppDelegate.swift */; };
		9A68F96C1B5842E9001E6894 /* SwiftCoreData.xcdatamodeld in Sources */ = {isa = PBXBuildFile; fileRef = 9A68F96A1B5842E9001E6894 /* SwiftCoreData.xcdatamodeld */; };
		9A68F96E1B5842E9001E6894 /* MasterViewController.swift in Sources */ = {isa = PBXBuildFile; fileRef = 9A68F96D1B5842E9001E6894 /* MasterViewController.swift */; };
		9A68F9701B5842E9001E6894 /* DetailViewController.swift in Sources */ = {isa = PBXBuildFile; fileRef = 9A68F96F1B5842E9001E6894 /* DetailViewController.swift */; };
		9A68F9731B5842E9001E6894 /* Main.storyboard in Resources */ = {isa = PBXBuildFile; fileRef = 9A68F9711B5842E9001E6894 /* Main.storyboard */; };
		9A68F9751B5842E9001E6894 /* Images.xcassets in Resources */ = {isa = PBXBuildFile; fileRef = 9A68F9741B5842E9001E6894 /* Images.xcassets */; };
		9A68F9781B5842E9001E6894 /* LaunchScreen.xib in Resources */ = {isa = PBXBuildFile; fileRef = 9A68F9761B5842E9001E6894 /* LaunchScreen.xib */; };
		9A68F9841B5842E9001E6894 /* SwiftCoreDataTests.swift in Sources */ = {isa = PBXBuildFile; fileRef = 9A68F9831B5842E9001E6894 /* SwiftCoreDataTests.swift */; };
/* End PBXBuildFile section */

/* Begin PBXContainerItemProxy section */
		9A68F97E1B5842E9001E6894 /* PBXContainerItemProxy */ = {
			isa = PBXContainerItemProxy;
			containerPortal = 9A68F95B1B5842E6001E6894 /* Project object */;
			proxyType = 1;
			remoteGlobalIDString = 9A68F9621B5842E6001E6894;
			remoteInfo = SwiftCoreData;
		};
/* End PBXContainerItemProxy section */

/* Begin PBXFileReference section */
		9A68F9631B5842E7001E6894 /* SwiftCoreData.app */ = {isa = PBXFileReference; explicitFileType = wrapper.application; includeInIndex = 0; path = SwiftCoreData.app; sourceTree = BUILT_PRODUCTS_DIR; };
		9A68F9671B5842E9001E6894 /* Info.plist */ = {isa = PBXFileReference; lastKnownFileType = text.plist.xml; path = Info.plist; sourceTree = "<group>"; };
		9A68F9681B5842E9001E6894 /* AppDelegate.swift */ = {isa = PBXFileReference; lastKnownFileType = sourcecode.swift; path = AppDelegate.swift; sourceTree = "<group>"; };
		9A68F96B1B5842E9001E6894 /* SwiftCoreData.xcdatamodel */ = {isa = PBXFileReference; lastKnownFileType = wrapper.xcdatamodel; path = SwiftCoreData.xcdatamodel; sourceTree = "<group>"; };
		9A68F96D1B5842E9001E6894 /* MasterViewController.swift */ = {isa = PBXFileReference; lastKnownFileType = sourcecode.swift; path = MasterViewController.swift; sourceTree = "<group>"; };
		9A68F96F1B5842E9001E6894 /* DetailViewController.swift */ = {isa = PBXFileReference; lastKnownFileType = sourcecode.swift; path = DetailViewController.swift; sourceTree = "<group>"; };
		9A68F9721B5842E9001E6894 /* Base */ = {isa = PBXFileReference; lastKnownFileType = file.storyboard; name = Base; path = Base.lproj/Main.storyboard; sourceTree = "<group>"; };
		9A68F9741B5842E9001E6894 /* Images.xcassets */ = {isa = PBXFileReference; lastKnownFileType = folder.assetcatalog; path = Images.xcassets; sourceTree = "<group>"; };
		9A68F9771B5842E9001E6894 /* Base */ = {isa = PBXFileReference; lastKnownFileType = file.xib; name = Base; path = Base.lproj/LaunchScreen.xib; sourceTree = "<group>"; };
		9A68F97D1B5842E9001E6894 /* SwiftCoreDataTests.xctest */ = {isa = PBXFileReference; explicitFileType = wrapper.cfbundle; includeInIndex = 0; path = SwiftCoreDataTests.xctest; sourceTree = BUILT_PRODUCTS_DIR; };
		9A68F9821B5842E9001E6894 /* Info.plist */ = {isa = PBXFileReference; lastKnownFileType = text.plist.xml; path = Info.plist; sourceTree = "<group>"; };
		9A68F9831B5842E9001E6894 /* SwiftCoreDataTests.swift */ = {isa = PBXFileReference; lastKnownFileType = sourcecode.swift; path = SwiftCoreDataTests.swift; sourceTree = "<group>"; };
/* End PBXFileReference section */

/* Begin PBXFrameworksBuildPhase section */
		9A68F9601B5842E6001E6894 /* Frameworks */ = {
			isa = PBXFrameworksBuildPhase;
			buildActionMask = 2147483647;
			files = (
			);
			runOnlyForDeploymentPostprocessing = 0;
		};
		9A68F97A1B5842E9001E6894 /* Frameworks */ = {
			isa = PBXFrameworksBuildPhase;
			buildActionMask = 2147483647;
			files = (
			);
			runOnlyForDeploymentPostprocessing = 0;
		};
/* End PBXFrameworksBuildPhase section */

/* Begin PBXGroup section */
		9A68F95A1B5842E6001E6894 = {
			isa = PBXGroup;
			children = (
				9A68F9651B5842E7001E6894 /* SwiftCoreData */,
				9A68F9801B5842E9001E6894 /* SwiftCoreDataTests */,
				9A68F9641B5842E7001E6894 /* Products */,
			);
			sourceTree = "<group>";
		};
		9A68F9641B5842E7001E6894 /* Products */ = {
			isa = PBXGroup;
			children = (
				9A68F9631B5842E7001E6894 /* SwiftCoreData.app */,
				9A68F97D1B5842E9001E6894 /* SwiftCoreDataTests.xctest */,
			);
			name = Products;
			sourceTree = "<group>";
		};
		9A68F9651B5842E7001E6894 /* SwiftCoreData */ = {
			isa = PBXGroup;
			children = (
				9A68F9681B5842E9001E6894 /* AppDelegate.swift */,
				9A68F96D1B5842E9001E6894 /* MasterViewController.swift */,
				9A68F96F1B5842E9001E6894 /* DetailViewController.swift */,
				9A68F9711B5842E9001E6894 /* Main.storyboard */,
				9A68F9741B5842E9001E6894 /* Images.xcassets */,
				9A68F9761B5842E9001E6894 /* LaunchScreen.xib */,
				9A68F96A1B5842E9001E6894 /* SwiftCoreData.xcdatamodeld */,
				9A68F9661B5842E9001E6894 /* Supporting Files */,
			);
			path = SwiftCoreData;
			sourceTree = "<group>";
		};
		9A68F9661B5842E9001E6894 /* Supporting Files */ = {
			isa = PBXGroup;
			children = (
				9A68F9671B5842E9001E6894 /* Info.plist */,
			);
			name = "Supporting Files";
			sourceTree = "<group>";
		};
		9A68F9801B5842E9001E6894 /* SwiftCoreDataTests */ = {
			isa = PBXGroup;
			children = (
				9A68F9831B5842E9001E6894 /* SwiftCoreDataTests.swift */,
				9A68F9811B5842E9001E6894 /* Supporting Files */,
			);
			path = SwiftCoreDataTests;
			sourceTree = "<group>";
		};
		9A68F9811B5842E9001E6894 /* Supporting Files */ = {
			isa = PBXGroup;
			children = (
				9A68F9821B5842E9001E6894 /* Info.plist */,
			);
			name = "Supporting Files";
			sourceTree = "<group>";
		};
/* End PBXGroup section */

/* Begin PBXNativeTarget section */
		9A68F9621B5842E6001E6894 /* SwiftCoreData */ = {
			isa = PBXNativeTarget;
			buildConfigurationList = 9A68F9871B5842E9001E6894 /* Build configuration list for PBXNativeTarget "SwiftCoreData" */;
			buildPhases = (
				9A68F95F1B5842E6001E6894 /* Sources */,
				9A68F9601B5842E6001E6894 /* Frameworks */,
				9A68F9611B5842E6001E6894 /* Resources */,
			);
			buildRules = (
			);
			dependencies = (
			);
			name = SwiftCoreData;
			productName = SwiftCoreData;
			productReference = 9A68F9631B5842E7001E6894 /* SwiftCoreData.app */;
			productType = "com.apple.product-type.application";
		};
		9A68F97C1B5842E9001E6894 /* SwiftCoreDataTests */ = {
			isa = PBXNativeTarget;
			buildConfigurationList = 9A68F98A1B5842E9001E6894 /* Build configuration list for PBXNativeTarget "SwiftCoreDataTests" */;
			buildPhases = (
				9A68F9791B5842E9001E6894 /* Sources */,
				9A68F97A1B5842E9001E6894 /* Frameworks */,
				9A68F97B1B5842E9001E6894 /* Resources */,
			);
			buildRules = (
			);
			dependencies = (
				9A68F97F1B5842E9001E6894 /* PBXTargetDependency */,
			);
			name = SwiftCoreDataTests;
			productName = SwiftCoreDataTests;
			productReference = 9A68F97D1B5842E9001E6894 /* SwiftCoreDataTests.xctest */;
			productType = "com.apple.product-type.bundle.unit-test";
		};
/* End PBXNativeTarget section */

/* Begin PBXProject section */
		9A68F95B1B5842E6001E6894 /* Project object */ = {
			isa = PBXProject;
			attributes = {
				LastUpgradeCheck = 0640;
				ORGANIZATIONNAME = "有村 琢磨";
				TargetAttributes = {
					9A68F9621B5842E6001E6894 = {
						CreatedOnToolsVersion = 6.4;
					};
					9A68F97C1B5842E9001E6894 = {
						CreatedOnToolsVersion = 6.4;
						TestTargetID = 9A68F9621B5842E6001E6894;
					};
				};
			};
			buildConfigurationList = 9A68F95E1B5842E6001E6894 /* Build configuration list for PBXProject "SwiftCoreData" */;
			compatibilityVersion = "Xcode 3.2";
			developmentRegion = English;
			hasScannedForEncodings = 0;
			knownRegions = (
				en,
				Base,
			);
			mainGroup = 9A68F95A1B5842E6001E6894;
			productRefGroup = 9A68F9641B5842E7001E6894 /* Products */;
			projectDirPath = "";
			projectRoot = "";
			targets = (
				9A68F9621B5842E6001E6894 /* SwiftCoreData */,
				9A68F97C1B5842E9001E6894 /* SwiftCoreDataTests */,
			);
		};
/* End PBXProject section */

/* Begin PBXResourcesBuildPhase section */
		9A68F9611B5842E6001E6894 /* Resources */ = {
			isa = PBXResourcesBuildPhase;
			buildActionMask = 2147483647;
			files = (
				9A68F9731B5842E9001E6894 /* Main.storyboard in Resources */,
				9A68F9781B5842E9001E6894 /* LaunchScreen.xib in Resources */,
				9A68F9751B5842E9001E6894 /* Images.xcassets in Resources */,
			);
			runOnlyForDeploymentPostprocessing = 0;
		};
		9A68F97B1B5842E9001E6894 /* Resources */ = {
			isa = PBXResourcesBuildPhase;
			buildActionMask = 2147483647;
			files = (
			);
			runOnlyForDeploymentPostprocessing = 0;
		};
/* End PBXResourcesBuildPhase section */

/* Begin PBXSourcesBuildPhase section */
		9A68F95F1B5842E6001E6894 /* Sources */ = {
			isa = PBXSourcesBuildPhase;
			buildActionMask = 2147483647;
			files = (
				9A68F96C1B5842E9001E6894 /* SwiftCoreData.xcdatamodeld in Sources */,
				9A68F9691B5842E9001E6894 /* AppDelegate.swift in Sources */,
				9A68F96E1B5842E9001E6894 /* MasterViewController.swift in Sources */,
				9A68F9701B5842E9001E6894 /* DetailViewController.swift in Sources */,
			);
			runOnlyForDeploymentPostprocessing = 0;
		};
		9A68F9791B5842E9001E6894 /* Sources */ = {
			isa = PBXSourcesBuildPhase;
			buildActionMask = 2147483647;
			files = (
				9A68F9841B5842E9001E6894 /* SwiftCoreDataTests.swift in Sources */,
			);
			runOnlyForDeploymentPostprocessing = 0;
		};
/* End PBXSourcesBuildPhase section */

/* Begin PBXTargetDependency section */
		9A68F97F1B5842E9001E6894 /* PBXTargetDependency */ = {
			isa = PBXTargetDependency;
			target = 9A68F9621B5842E6001E6894 /* SwiftCoreData */;
			targetProxy = 9A68F97E1B5842E9001E6894 /* PBXContainerItemProxy */;
		};
/* End PBXTargetDependency section */

/* Begin PBXVariantGroup section */
		9A68F9711B5842E9001E6894 /* Main.storyboard */ = {
			isa = PBXVariantGroup;
			children = (
				9A68F9721B5842E9001E6894 /* Base */,
			);
			name = Main.storyboard;
			sourceTree = "<group>";
		};
		9A68F9761B5842E9001E6894 /* LaunchScreen.xib */ = {
			isa = PBXVariantGroup;
			children = (
				9A68F9771B5842E9001E6894 /* Base */,
			);
			name = LaunchScreen.xib;
			sourceTree = "<group>";
		};
/* End PBXVariantGroup section */

/* Begin XCBuildConfiguration section */
		9A68F9851B5842E9001E6894 /* Debug */ = {
			isa = XCBuildConfiguration;
			buildSettings = {
				ALWAYS_SEARCH_USER_PATHS = NO;
				CLANG_CXX_LANGUAGE_STANDARD = "gnu++0x";
				CLANG_CXX_LIBRARY = "libc++";
				CLANG_ENABLE_MODULES = YES;
				CLANG_ENABLE_OBJC_ARC = YES;
				CLANG_WARN_BOOL_CONVERSION = YES;
				CLANG_WARN_CONSTANT_CONVERSION = YES;
				CLANG_WARN_DIRECT_OBJC_ISA_USAGE = YES_ERROR;
				CLANG_WARN_EMPTY_BODY = YES;
				CLANG_WARN_ENUM_CONVERSION = YES;
				CLANG_WARN_INT_CONVERSION = YES;
				CLANG_WARN_OBJC_ROOT_CLASS = YES_ERROR;
				CLANG_WARN_UNREACHABLE_CODE = YES;
				CLANG_WARN__DUPLICATE_METHOD_MATCH = YES;
				"CODE_SIGN_IDENTITY[sdk=iphoneos*]" = "iPhone Developer";
				COPY_PHASE_STRIP = NO;
				DEBUG_INFORMATION_FORMAT = "dwarf-with-dsym";
				ENABLE_STRICT_OBJC_MSGSEND = YES;
				GCC_C_LANGUAGE_STANDARD = gnu99;
				GCC_DYNAMIC_NO_PIC = NO;
				GCC_NO_COMMON_BLOCKS = YES;
				GCC_OPTIMIZATION_LEVEL = 0;
				GCC_PREPROCESSOR_DEFINITIONS = (
					"DEBUG=1",
					"$(inherited)",
				);
				GCC_SYMBOLS_PRIVATE_EXTERN = NO;
				GCC_WARN_64_TO_32_BIT_CONVERSION = YES;
				GCC_WARN_ABOUT_RETURN_TYPE = YES_ERROR;
				GCC_WARN_UNDECLARED_SELECTOR = YES;
				GCC_WARN_UNINITIALIZED_AUTOS = YES_AGGRESSIVE;
				GCC_WARN_UNUSED_FUNCTION = YES;
				GCC_WARN_UNUSED_VARIABLE = YES;
				IPHONEOS_DEPLOYMENT_TARGET = 8.4;
				MTL_ENABLE_DEBUG_INFO = YES;
				ONLY_ACTIVE_ARCH = YES;
				SDKROOT = iphoneos;
				SWIFT_OPTIMIZATION_LEVEL = "-Onone";
			};
			name = Debug;
		};
		9A68F9861B5842E9001E6894 /* Release */ = {
			isa = XCBuildConfiguration;
			buildSettings = {
				ALWAYS_SEARCH_USER_PATHS = NO;
				CLANG_CXX_LANGUAGE_STANDARD = "gnu++0x";
				CLANG_CXX_LIBRARY = "libc++";
				CLANG_ENABLE_MODULES = YES;
				CLANG_ENABLE_OBJC_ARC = YES;
				CLANG_WARN_BOOL_CONVERSION = YES;
				CLANG_WARN_CONSTANT_CONVERSION = YES;
				CLANG_WARN_DIRECT_OBJC_ISA_USAGE = YES_ERROR;
				CLANG_WARN_EMPTY_BODY = YES;
				CLANG_WARN_ENUM_CONVERSION = YES;
				CLANG_WARN_INT_CONVERSION = YES;
				CLANG_WARN_OBJC_ROOT_CLASS = YES_ERROR;
				CLANG_WARN_UNREACHABLE_CODE = YES;
				CLANG_WARN__DUPLICATE_METHOD_MATCH = YES;
				"CODE_SIGN_IDENTITY[sdk=iphoneos*]" = "iPhone Developer";
				COPY_PHASE_STRIP = NO;
				DEBUG_INFORMATION_FORMAT = "dwarf-with-dsym";
				ENABLE_NS_ASSERTIONS = NO;
				ENABLE_STRICT_OBJC_MSGSEND = YES;
				GCC_C_LANGUAGE_STANDARD = gnu99;
				GCC_NO_COMMON_BLOCKS = YES;
				GCC_WARN_64_TO_32_BIT_CONVERSION = YES;
				GCC_WARN_ABOUT_RETURN_TYPE = YES_ERROR;
				GCC_WARN_UNDECLARED_SELECTOR = YES;
				GCC_WARN_UNINITIALIZED_AUTOS = YES_AGGRESSIVE;
				GCC_WARN_UNUSED_FUNCTION = YES;
				GCC_WARN_UNUSED_VARIABLE = YES;
				IPHONEOS_DEPLOYMENT_TARGET = 8.4;
				MTL_ENABLE_DEBUG_INFO = NO;
				SDKROOT = iphoneos;
				VALIDATE_PRODUCT = YES;
			};
			name = Release;
		};
		9A68F9881B5842E9001E6894 /* Debug */ = {
			isa = XCBuildConfiguration;
			buildSettings = {
				ASSETCATALOG_COMPILER_APPICON_NAME = AppIcon;
				INFOPLIST_FILE = SwiftCoreData/Info.plist;
				LD_RUNPATH_SEARCH_PATHS = "$(inherited) @executable_path/Frameworks";
				PRODUCT_NAME = "$(TARGET_NAME)";
			};
			name = Debug;
		};
		9A68F9891B5842E9001E6894 /* Release */ = {
			isa = XCBuildConfiguration;
			buildSettings = {
				ASSETCATALOG_COMPILER_APPICON_NAME = AppIcon;
				INFOPLIST_FILE = SwiftCoreData/Info.plist;
				LD_RUNPATH_SEARCH_PATHS = "$(inherited) @executable_path/Frameworks";
				PRODUCT_NAME = "$(TARGET_NAME)";
			};
			name = Release;
		};
		9A68F98B1B5842E9001E6894 /* Debug */ = {
			isa = XCBuildConfiguration;
			buildSettings = {
				BUNDLE_LOADER = "$(TEST_HOST)";
				FRAMEWORK_SEARCH_PATHS = (
					"$(SDKROOT)/Developer/Library/Frameworks",
					"$(inherited)",
				);
				GCC_PREPROCESSOR_DEFINITIONS = (
					"DEBUG=1",
					"$(inherited)",
				);
				INFOPLIST_FILE = SwiftCoreDataTests/Info.plist;
				LD_RUNPATH_SEARCH_PATHS = "$(inherited) @executable_path/Frameworks @loader_path/Frameworks";
				PRODUCT_NAME = "$(TARGET_NAME)";
				TEST_HOST = "$(BUILT_PRODUCTS_DIR)/SwiftCoreData.app/SwiftCoreData";
			};
			name = Debug;
		};
		9A68F98C1B5842E9001E6894 /* Release */ = {
			isa = XCBuildConfiguration;
			buildSettings = {
				BUNDLE_LOADER = "$(TEST_HOST)";
				FRAMEWORK_SEARCH_PATHS = (
					"$(SDKROOT)/Developer/Library/Frameworks",
					"$(inherited)",
				);
				INFOPLIST_FILE = SwiftCoreDataTests/Info.plist;
				LD_RUNPATH_SEARCH_PATHS = "$(inherited) @executable_path/Frameworks @loader_path/Frameworks";
				PRODUCT_NAME = "$(TARGET_NAME)";
				TEST_HOST = "$(BUILT_PRODUCTS_DIR)/SwiftCoreData.app/SwiftCoreData";
			};
			name = Release;
		};
/* End XCBuildConfiguration section */

/* Begin XCConfigurationList section */
		9A68F95E1B5842E6001E6894 /* Build configuration list for PBXProject "SwiftCoreData" */ = {
			isa = XCConfigurationList;
			buildConfigurations = (
				9A68F9851B5842E9001E6894 /* Debug */,
				9A68F9861B5842E9001E6894 /* Release */,
			);
			defaultConfigurationIsVisible = 0;
			defaultConfigurationName = Release;
		};
		9A68F9871B5842E9001E6894 /* Build configuration list for PBXNativeTarget "SwiftCoreData" */ = {
			isa = XCConfigurationList;
			buildConfigurations = (
				9A68F9881B5842E9001E6894 /* Debug */,
				9A68F9891B5842E9001E6894 /* Release */,
			);
			defaultConfigurationIsVisible = 0;
		};
		9A68F98A1B5842E9001E6894 /* Build configuration list for PBXNativeTarget "SwiftCoreDataTests" */ = {
			isa = XCConfigurationList;
			buildConfigurations = (
				9A68F98B1B5842E9001E6894 /* Debug */,
				9A68F98C1B5842E9001E6894 /* Release */,
			);
			defaultConfigurationIsVisible = 0;
		};
/* End XCConfigurationList section */

/* Begin XCVersionGroup section */
		9A68F96A1B5842E9001E6894 /* SwiftCoreData.xcdatamodeld */ = {
			isa = XCVersionGroup;
			children = (
				9A68F96B1B5842E9001E6894 /* SwiftCoreData.xcdatamodel */,
			);
			currentVersion = 9A68F96B1B5842E9001E6894 /* SwiftCoreData.xcdatamodel */;
			path = SwiftCoreData.xcdatamodeld;
			sourceTree = "<group>";
			versionGroupType = wrapper.xcdatamodel;
		};
/* End XCVersionGroup section */
	};
	rootObject = 9A68F95B1B5842E6001E6894 /* Project object */;
}
